
Microsoft Visual Studio Solution File, Format Version 12.00
# Visual Studio Version 16
VisualStudioVersion = 16.0.30011.22
MinimumVisualStudioVersion = 10.0.40219.1
Project("{9A19103F-16F7-4668-BE54-9A1E7A4F7556}") = "Hangfire.Jobs", "Hangfire.Jobs.csproj", "{10748E1F-6C3C-4161-9BFA-EF301E61E607}"
EndProject
Global
	GlobalSection(SolutionConfigurationPlatforms) = preSolution
		Debug|Any CPU = Debug|Any CPU
		Release|Any CPU = Release|Any CPU
	EndGlobalSection
	GlobalSection(ProjectConfigurationPlatforms) = postSolution
		{10748E1F-6C3C-4161-9BFA-EF301E61E607}.Debug|Any CPU.ActiveCfg = Debug|Any CPU
		{10748E1F-6C3C-4161-9BFA-EF301E61E607}.Debug|Any CPU.Build.0 = Debug|Any CPU
		{10748E1F-6C3C-4161-9BFA-EF301E61E607}.Release|Any CPU.ActiveCfg = Release|Any CPU
		{10748E1F-6C3C-4161-9BFA-EF301E61E607}.Release|Any CPU.Build.0 = Release|Any CPU
	EndGlobalSection
	GlobalSection(SolutionProperties) = preSolution
		HideSolutionNode = FALSE
	EndGlobalSection
	GlobalSection(ExtensibilityGlobals) = postSolution
		SolutionGuid = {3A5ACD83-3004-4925-974E-CB3ECDB43FD8}
	EndGlobalSection
EndGlobal
